
Microsoft Visual Studio Solution File, Format Version 12.00
# Visual Studio Version 17
VisualStudioVersion = 17.7.34031.279
MinimumVisualStudioVersion = 10.0.40219.1
Project("{FAE04EC0-301F-11D3-BF4B-00C04F79EFBC}") = "carruselymap", "carruselymap\carruselymap.csproj", "{D7B8E292-A02B-41A8-82C5-C0AB6668D80E}"
EndProject
Global
	GlobalSection(SolutionConfigurationPlatforms) = preSolution
		Debug|Any CPU = Debug|Any CPU
		Release|Any CPU = Release|Any CPU
	EndGlobalSection
	GlobalSection(ProjectConfigurationPlatforms) = postSolution
		{D7B8E292-A02B-41A8-82C5-C0AB6668D80E}.Debug|Any CPU.ActiveCfg = Debug|Any CPU
		{D7B8E292-A02B-41A8-82C5-C0AB6668D80E}.Debug|Any CPU.Build.0 = Debug|Any CPU
		{D7B8E292-A02B-41A8-82C5-C0AB6668D80E}.Debug|Any CPU.Deploy.0 = Debug|Any CPU
		{D7B8E292-A02B-41A8-82C5-C0AB6668D80E}.Release|Any CPU.ActiveCfg = Release|Any CPU
		{D7B8E292-A02B-41A8-82C5-C0AB6668D80E}.Release|Any CPU.Build.0 = Release|Any CPU
		{D7B8E292-A02B-41A8-82C5-C0AB6668D80E}.Release|Any CPU.Deploy.0 = Release|Any CPU
	EndGlobalSection
	GlobalSection(SolutionProperties) = preSolution
		HideSolutionNode = FALSE
	EndGlobalSection
	GlobalSection(ExtensibilityGlobals) = postSolution
		SolutionGuid = {06E052D6-70F4-4E59-B799-BB85F74F3303}
	EndGlobalSection
EndGlobal
